
Microsoft Visual Studio Solution File, Format Version 12.00
# Visual Studio Version 17
VisualStudioVersion = 17.10.35122.118
MinimumVisualStudioVersion = 10.0.40219.1
Project("{FAE04EC0-301F-11D3-BF4B-00C04F79EFBC}") = "Municipal App", "Municipal App\Municipal App.csproj", "{34654871-470E-4DF0-BDAC-B47DD8534C21}"
EndProject
Global
	GlobalSection(SolutionConfigurationPlatforms) = preSolution
		Debug|Any CPU = Debug|Any CPU
		Release|Any CPU = Release|Any CPU
	EndGlobalSection
	GlobalSection(ProjectConfigurationPlatforms) = postSolution
		{34654871-470E-4DF0-BDAC-B47DD8534C21}.Debug|Any CPU.ActiveCfg = Debug|Any CPU
		{34654871-470E-4DF0-BDAC-B47DD8534C21}.Debug|Any CPU.Build.0 = Debug|Any CPU
		{34654871-470E-4DF0-BDAC-B47DD8534C21}.Release|Any CPU.ActiveCfg = Release|Any CPU
		{34654871-470E-4DF0-BDAC-B47DD8534C21}.Release|Any CPU.Build.0 = Release|Any CPU
	EndGlobalSection
	GlobalSection(SolutionProperties) = preSolution
		HideSolutionNode = FALSE
	EndGlobalSection
	GlobalSection(ExtensibilityGlobals) = postSolution
		SolutionGuid = {0D836E87-FA20-42CB-BBE0-99BAE947B85A}
	EndGlobalSection
EndGlobal
